<?xml version="1.0" encoding="utf-8"?>
<Project ToolsVersion="4.0" xmlns="http://schemas.microsoft.com/developer/msbuild/2003">
  <ItemGroup>
    <Filter Include="소스 파일">
      <UniqueIdentifier>{4FC737F1-C7A5-4376-A066-2A32D752A2FF}</UniqueIdentifier>
      <Extensions>cpp;c;cc;cxx;c++;cppm;ixx;def;odl;idl;hpj;bat;asm;asmx</Extensions>
    </Filter>
    <Filter Include="리소스 파일">
      <UniqueIdentifier>{67DA6AB6-F800-4c08-8B7A-83BB121AAD01}</UniqueIdentifier>
      <Extensions>rc;ico;cur;bmp;dlg;rc2;rct;bin;rgs;gif;jpg;jpeg;jpe;resx;tiff;tif;png;wav;mfcribbon-ms</Extensions>
    </Filter>
    <Filter Include="소스 파일\00. Main">
      <UniqueIdentifier>{743ebbe8-e2dc-4799-afcc-5f05917eebd8}</UniqueIdentifier>
    </Filter>
    <Filter Include="소스 파일\01. Manager">
      <UniqueIdentifier>{4a1674e7-016e-4964-8093-29f18a299210}</UniqueIdentifier>
    </Filter>
    <Filter Include="소스 파일\02. Scene">
      <UniqueIdentifier>{480f88bc-420f-4852-8115-4bb44853a39c}</UniqueIdentifier>
    </Filter>
    <Filter Include="소스 파일\03. Object">
      <UniqueIdentifier>{c3efec16-f519-4383-850c-010bcd156eb7}</UniqueIdentifier>
    </Filter>
    <Filter Include="소스 파일\99. Headers">
      <UniqueIdentifier>{1e2a99e1-7895-45c4-8918-5f01bbc48a00}</UniqueIdentifier>
    </Filter>
    <Filter Include="소스 파일\03. Object\Contents">
      <UniqueIdentifier>{53dce87c-e3b3-4963-9d32-9a9eb4034342}</UniqueIdentifier>
    </Filter>
    <Filter Include="소스 파일\06. UI">
      <UniqueIdentifier>{43347ca7-cc65-4c50-98f0-aefa0eb0f00a}</UniqueIdentifier>
    </Filter>
    <Filter Include="소스 파일\04. Resources">
      <UniqueIdentifier>{a9164ebc-b662-4d55-8e1c-7e25298116da}</UniqueIdentifier>
    </Filter>
    <Filter Include="소스 파일\05. Component">
      <UniqueIdentifier>{8bd0beba-7903-429b-a80d-93caa747a3f8}</UniqueIdentifier>
    </Filter>
    <Filter Include="소스 파일\04. Resources\Paper2D">
      <UniqueIdentifier>{e1a8a1a5-abb8-422e-a8cf-c53a8c1f2ae8}</UniqueIdentifier>
    </Filter>
    <Filter Include="소스 파일\05. Component\Camera">
      <UniqueIdentifier>{b08e5bdb-c3bf-4ddd-8942-cc91b158457f}</UniqueIdentifier>
    </Filter>
    <Filter Include="소스 파일\03. Object\Engine">
      <UniqueIdentifier>{c6911e16-57ea-429f-a31e-dbd6713df910}</UniqueIdentifier>
    </Filter>
    <Filter Include="소스 파일\05. Component\Collision">
      <UniqueIdentifier>{9e43704d-6c07-4e92-b318-d0278c9ca893}</UniqueIdentifier>
    </Filter>
    <Filter Include="소스 파일\05. Component\Skill">
      <UniqueIdentifier>{3da91ad5-bf54-4fa2-b9cb-d6c296c9aeda}</UniqueIdentifier>
    </Filter>
    <Filter Include="소스 파일\06. UI\Contents">
      <UniqueIdentifier>{cdbc772c-cbf7-4357-824e-610dbe6a21af}</UniqueIdentifier>
    </Filter>
    <Filter Include="소스 파일\03. Object\Contents\Monsters">
      <UniqueIdentifier>{d65e2fb9-097d-425e-bc01-d25072f07d61}</UniqueIdentifier>
    </Filter>
    <Filter Include="소스 파일\05. Component\Skill\PlayerSkill">
      <UniqueIdentifier>{56224719-545d-49ff-ab4c-116322a219c0}</UniqueIdentifier>
    </Filter>
    <Filter Include="소스 파일\05. Component\Skill\MonsterSkill">
      <UniqueIdentifier>{8ef12502-70ba-4768-ae87-563a62382e91}</UniqueIdentifier>
    </Filter>
  </ItemGroup>
  <ItemGroup>
    <ClInclude Include="Resource.h">
      <Filter>소스 파일\99. Headers</Filter>
    </ClInclude>
    <ClInclude Include="targetver.h">
      <Filter>소스 파일\99. Headers</Filter>
    </ClInclude>
    <ClInclude Include="framework.h">
      <Filter>소스 파일\99. Headers</Filter>
    </ClInclude>
    <ClInclude Include="VampireSurvivors.h">
      <Filter>소스 파일\00. Main</Filter>
    </ClInclude>
    <ClInclude Include="pch.h">
      <Filter>소스 파일\99. Headers</Filter>
    </ClInclude>
    <ClInclude Include="Defines.h">
      <Filter>소스 파일\99. Headers</Filter>
    </ClInclude>
    <ClInclude Include="Enums.h">
      <Filter>소스 파일\99. Headers</Filter>
    </ClInclude>
    <ClInclude Include="Types.h">
      <Filter>소스 파일\99. Headers</Filter>
    </ClInclude>
    <ClInclude Include="Values.h">
      <Filter>소스 파일\99. Headers</Filter>
    </ClInclude>
    <ClInclude Include="Game.h">
      <Filter>소스 파일\00. Main</Filter>
    </ClInclude>
    <ClInclude Include="TimeManager.h">
      <Filter>소스 파일\01. Manager</Filter>
    </ClInclude>
    <ClInclude Include="InputManager.h">
      <Filter>소스 파일\01. Manager</Filter>
    </ClInclude>
    <ClInclude Include="SceneManager.h">
      <Filter>소스 파일\01. Manager</Filter>
    </ClInclude>
    <ClInclude Include="Scene.h">
      <Filter>소스 파일\02. Scene</Filter>
    </ClInclude>
    <ClInclude Include="DevScene.h">
      <Filter>소스 파일\02. Scene</Filter>
    </ClInclude>
    <ClInclude Include="Player.h">
      <Filter>소스 파일\03. Object\Contents</Filter>
    </ClInclude>
    <ClInclude Include="UI.h">
      <Filter>소스 파일\06. UI</Filter>
    </ClInclude>
    <ClInclude Include="Button.h">
      <Filter>소스 파일\06. UI</Filter>
    </ClInclude>
    <ClInclude Include="Component.h">
      <Filter>소스 파일\05. Component</Filter>
    </ClInclude>
    <ClInclude Include="ResourceBase.h">
      <Filter>소스 파일\04. Resources</Filter>
    </ClInclude>
    <ClInclude Include="Sprite.h">
      <Filter>소스 파일\04. Resources\Paper2D</Filter>
    </ClInclude>
    <ClInclude Include="Texture.h">
      <Filter>소스 파일\04. Resources\Paper2D</Filter>
    </ClInclude>
    <ClInclude Include="Flipbook.h">
      <Filter>소스 파일\04. Resources\Paper2D</Filter>
    </ClInclude>
    <ClInclude Include="Tilemap.h">
      <Filter>소스 파일\04. Resources\Paper2D</Filter>
    </ClInclude>
    <ClInclude Include="ResourceManager.h">
      <Filter>소스 파일\01. Manager</Filter>
    </ClInclude>
    <ClInclude Include="CameraComponent.h">
      <Filter>소스 파일\05. Component\Camera</Filter>
    </ClInclude>
    <ClInclude Include="Actor.h">
      <Filter>소스 파일\03. Object\Engine</Filter>
    </ClInclude>
    <ClInclude Include="FlipbookActor.h">
      <Filter>소스 파일\03. Object\Engine</Filter>
    </ClInclude>
    <ClInclude Include="Object.h">
      <Filter>소스 파일\03. Object\Engine</Filter>
    </ClInclude>
    <ClInclude Include="SpriteActor.h">
      <Filter>소스 파일\03. Object\Engine</Filter>
    </ClInclude>
    <ClInclude Include="TilemapActor.h">
      <Filter>소스 파일\03. Object\Engine</Filter>
    </ClInclude>
    <ClInclude Include="Projectile.h">
      <Filter>소스 파일\03. Object\Contents</Filter>
    </ClInclude>
    <ClInclude Include="Collider.h">
      <Filter>소스 파일\05. Component\Collision</Filter>
    </ClInclude>
    <ClInclude Include="BoxCollider.h">
      <Filter>소스 파일\05. Component\Collision</Filter>
    </ClInclude>
    <ClInclude Include="SphereCollider.h">
      <Filter>소스 파일\05. Component\Collision</Filter>
    </ClInclude>
    <ClInclude Include="Utils.h">
      <Filter>소스 파일\99. Headers</Filter>
    </ClInclude>
    <ClInclude Include="GameScene.h">
      <Filter>소스 파일\02. Scene</Filter>
    </ClInclude>
    <ClInclude Include="CollisionManager.h">
      <Filter>소스 파일\01. Manager</Filter>
    </ClInclude>
    <ClInclude Include="Background.h">
      <Filter>소스 파일\03. Object\Contents</Filter>
    </ClInclude>
    <ClInclude Include="Experience.h">
      <Filter>소스 파일\03. Object\Contents</Filter>
    </ClInclude>
    <ClInclude Include="StatUpgradeScene.h">
      <Filter>소스 파일\02. Scene</Filter>
    </ClInclude>
    <ClInclude Include="LobbyScene.h">
      <Filter>소스 파일\02. Scene</Filter>
    </ClInclude>
    <ClInclude Include="DamageText.h">
      <Filter>소스 파일\03. Object\Contents</Filter>
    </ClInclude>
    <ClInclude Include="Panel.h">
      <Filter>소스 파일\06. UI</Filter>
    </ClInclude>
    <ClInclude Include="SelectSkillPanel.h">
      <Filter>소스 파일\06. UI\Contents</Filter>
    </ClInclude>
    <ClInclude Include="Monster.h">
      <Filter>소스 파일\03. Object\Contents\Monsters</Filter>
    </ClInclude>
    <ClInclude Include="Slime.h">
      <Filter>소스 파일\03. Object\Contents\Monsters</Filter>
    </ClInclude>
    <ClInclude Include="Goblin.h">
      <Filter>소스 파일\03. Object\Contents\Monsters</Filter>
    </ClInclude>
    <ClInclude Include="Orc.h">
      <Filter>소스 파일\03. Object\Contents\Monsters</Filter>
    </ClInclude>
    <ClInclude Include="Cyclops.h">
      <Filter>소스 파일\03. Object\Contents\Monsters</Filter>
    </ClInclude>
    <ClInclude Include="Suriken.h">
      <Filter>소스 파일\05. Component\Skill\PlayerSkill</Filter>
    </ClInclude>
    <ClInclude Include="ForceField.h">
      <Filter>소스 파일\05. Component\Skill\PlayerSkill</Filter>
    </ClInclude>
    <ClInclude Include="GravityCannon.h">
      <Filter>소스 파일\05. Component\Skill\PlayerSkill</Filter>
    </ClInclude>
    <ClInclude Include="Iceburst.h">
      <Filter>소스 파일\05. Component\Skill\PlayerSkill</Filter>
    </ClInclude>
    <ClInclude Include="Lightning.h">
      <Filter>소스 파일\05. Component\Skill\PlayerSkill</Filter>
    </ClInclude>
    <ClInclude Include="Slash.h">
      <Filter>소스 파일\05. Component\Skill\PlayerSkill</Filter>
    </ClInclude>
    <ClInclude Include="StoneSling.h">
      <Filter>소스 파일\05. Component\Skill\MonsterSkill</Filter>
    </ClInclude>
    <ClInclude Include="Skill.h">
      <Filter>소스 파일\05. Component\Skill</Filter>
    </ClInclude>
    <ClInclude Include="WolfRider.h">
      <Filter>소스 파일\03. Object\Contents\Monsters</Filter>
    </ClInclude>
    <ClInclude Include="Ogre.h">
      <Filter>소스 파일\03. Object\Contents\Monsters</Filter>
    </ClInclude>
    <ClInclude Include="Owlbear.h">
      <Filter>소스 파일\03. Object\Contents\Monsters</Filter>
    </ClInclude>
    <ClInclude Include="Status.h">
      <Filter>소스 파일\06. UI\Contents</Filter>
    </ClInclude>
    <ClInclude Include="TitleScene.h">
      <Filter>소스 파일\02. Scene</Filter>
    </ClInclude>
  </ItemGroup>
  <ItemGroup>
    <ResourceCompile Include="VampireSurvivals.rc">
      <Filter>리소스 파일</Filter>
    </ResourceCompile>
  </ItemGroup>
  <ItemGroup>
    <Image Include="small.ico">
      <Filter>리소스 파일</Filter>
    </Image>
    <Image Include="VampireSurvivals.ico">
      <Filter>리소스 파일</Filter>
    </Image>
  </ItemGroup>
  <ItemGroup>
    <ClCompile Include="VampireSurvivors.cpp">
      <Filter>소스 파일\00. Main</Filter>
    </ClCompile>
    <ClCompile Include="pch.cpp">
      <Filter>소스 파일\99. Headers</Filter>
    </ClCompile>
    <ClCompile Include="Game.cpp">
      <Filter>소스 파일\00. Main</Filter>
    </ClCompile>
    <ClCompile Include="TimeManager.cpp">
      <Filter>소스 파일\01. Manager</Filter>
    </ClCompile>
    <ClCompile Include="InputManager.cpp">
      <Filter>소스 파일\01. Manager</Filter>
    </ClCompile>
    <ClCompile Include="SceneManager.cpp">
      <Filter>소스 파일\01. Manager</Filter>
    </ClCompile>
    <ClCompile Include="Scene.cpp">
      <Filter>소스 파일\02. Scene</Filter>
    </ClCompile>
    <ClCompile Include="DevScene.cpp">
      <Filter>소스 파일\02. Scene</Filter>
    </ClCompile>
    <ClCompile Include="Player.cpp">
      <Filter>소스 파일\03. Object\Contents</Filter>
    </ClCompile>
    <ClCompile Include="UI.cpp">
      <Filter>소스 파일\06. UI</Filter>
    </ClCompile>
    <ClCompile Include="Button.cpp">
      <Filter>소스 파일\06. UI</Filter>
    </ClCompile>
    <ClCompile Include="Component.cpp">
      <Filter>소스 파일\05. Component</Filter>
    </ClCompile>
    <ClCompile Include="ResourceBase.cpp">
      <Filter>소스 파일\04. Resources</Filter>
    </ClCompile>
    <ClCompile Include="Sprite.cpp">
      <Filter>소스 파일\04. Resources\Paper2D</Filter>
    </ClCompile>
    <ClCompile Include="Texture.cpp">
      <Filter>소스 파일\04. Resources\Paper2D</Filter>
    </ClCompile>
    <ClCompile Include="Flipbook.cpp">
      <Filter>소스 파일\04. Resources\Paper2D</Filter>
    </ClCompile>
    <ClCompile Include="Tilemap.cpp">
      <Filter>소스 파일\04. Resources\Paper2D</Filter>
    </ClCompile>
    <ClCompile Include="ResourceManager.cpp">
      <Filter>소스 파일\01. Manager</Filter>
    </ClCompile>
    <ClCompile Include="CameraComponent.cpp">
      <Filter>소스 파일\05. Component\Camera</Filter>
    </ClCompile>
    <ClCompile Include="TilemapActor.cpp">
      <Filter>소스 파일\03. Object\Engine</Filter>
    </ClCompile>
    <ClCompile Include="Actor.cpp">
      <Filter>소스 파일\03. Object\Engine</Filter>
    </ClCompile>
    <ClCompile Include="FlipbookActor.cpp">
      <Filter>소스 파일\03. Object\Engine</Filter>
    </ClCompile>
    <ClCompile Include="Object.cpp">
      <Filter>소스 파일\03. Object\Engine</Filter>
    </ClCompile>
    <ClCompile Include="SpriteActor.cpp">
      <Filter>소스 파일\03. Object\Engine</Filter>
    </ClCompile>
    <ClCompile Include="Projectile.cpp">
      <Filter>소스 파일\03. Object\Contents</Filter>
    </ClCompile>
    <ClCompile Include="Collider.cpp">
      <Filter>소스 파일\05. Component\Collision</Filter>
    </ClCompile>
    <ClCompile Include="BoxCollider.cpp">
      <Filter>소스 파일\05. Component\Collision</Filter>
    </ClCompile>
    <ClCompile Include="SphereCollider.cpp">
      <Filter>소스 파일\05. Component\Collision</Filter>
    </ClCompile>
    <ClCompile Include="Utils.cpp">
      <Filter>소스 파일\99. Headers</Filter>
    </ClCompile>
    <ClCompile Include="GameScene.cpp">
      <Filter>소스 파일\02. Scene</Filter>
    </ClCompile>
    <ClCompile Include="CollisionManager.cpp">
      <Filter>소스 파일\01. Manager</Filter>
    </ClCompile>
    <ClCompile Include="Background.cpp">
      <Filter>소스 파일\03. Object\Contents</Filter>
    </ClCompile>
    <ClCompile Include="Experience.cpp">
      <Filter>소스 파일\03. Object\Contents</Filter>
    </ClCompile>
    <ClCompile Include="LobbyScene.cpp">
      <Filter>소스 파일\02. Scene</Filter>
    </ClCompile>
    <ClCompile Include="StatUpgradeScene.cpp">
      <Filter>소스 파일\02. Scene</Filter>
    </ClCompile>
    <ClCompile Include="DamageText.cpp">
      <Filter>소스 파일\03. Object\Contents</Filter>
    </ClCompile>
    <ClCompile Include="Panel.cpp">
      <Filter>소스 파일\06. UI</Filter>
    </ClCompile>
    <ClCompile Include="SelectSkillPanel.cpp">
      <Filter>소스 파일\06. UI\Contents</Filter>
    </ClCompile>
    <ClCompile Include="Monster.cpp">
      <Filter>소스 파일\03. Object\Contents\Monsters</Filter>
    </ClCompile>
    <ClCompile Include="Slime.cpp">
      <Filter>소스 파일\03. Object\Contents\Monsters</Filter>
    </ClCompile>
    <ClCompile Include="Goblin.cpp">
      <Filter>소스 파일\03. Object\Contents\Monsters</Filter>
    </ClCompile>
    <ClCompile Include="Orc.cpp">
      <Filter>소스 파일\03. Object\Contents\Monsters</Filter>
    </ClCompile>
    <ClCompile Include="Cyclops.cpp">
      <Filter>소스 파일\03. Object\Contents\Monsters</Filter>
    </ClCompile>
    <ClCompile Include="ForceField.cpp">
      <Filter>소스 파일\05. Component\Skill\PlayerSkill</Filter>
    </ClCompile>
    <ClCompile Include="GravityCannon.cpp">
      <Filter>소스 파일\05. Component\Skill\PlayerSkill</Filter>
    </ClCompile>
    <ClCompile Include="Iceburst.cpp">
      <Filter>소스 파일\05. Component\Skill\PlayerSkill</Filter>
    </ClCompile>
    <ClCompile Include="Lightning.cpp">
      <Filter>소스 파일\05. Component\Skill\PlayerSkill</Filter>
    </ClCompile>
    <ClCompile Include="Slash.cpp">
      <Filter>소스 파일\05. Component\Skill\PlayerSkill</Filter>
    </ClCompile>
    <ClCompile Include="Suriken.cpp">
      <Filter>소스 파일\05. Component\Skill\PlayerSkill</Filter>
    </ClCompile>
    <ClCompile Include="StoneSling.cpp">
      <Filter>소스 파일\05. Component\Skill\MonsterSkill</Filter>
    </ClCompile>
    <ClCompile Include="Skill.cpp">
      <Filter>소스 파일\05. Component\Skill</Filter>
    </ClCompile>
    <ClCompile Include="Ogre.cpp">
      <Filter>소스 파일\03. Object\Contents\Monsters</Filter>
    </ClCompile>
    <ClCompile Include="Owlbear.cpp">
      <Filter>소스 파일\03. Object\Contents\Monsters</Filter>
    </ClCompile>
    <ClCompile Include="WolfRider.cpp">
      <Filter>소스 파일\03. Object\Contents\Monsters</Filter>
    </ClCompile>
    <ClCompile Include="Status.cpp">
      <Filter>소스 파일\06. UI\Contents</Filter>
    </ClCompile>
    <ClCompile Include="TitleScene.cpp">
      <Filter>소스 파일\02. Scene</Filter>
    </ClCompile>
  </ItemGroup>
</Project>